<?xml version="1.0" encoding="UTF-8"?>
<Scheme
   LastUpgradeVersion = "1600"
   version = "1.3">
   <BuildAction
      parallelizeBuildables = "YES"
      buildImplicitDependencies = "YES">
      <BuildActionEntries>
         <BuildActionEntry
            buildForTesting = "YES"
            buildForRunning = "NO"
            buildForProfiling = "YES"
            buildForArchiving = "NO"
            buildForAnalyzing = "YES">
            <BuildableReference
               BuildableIdentifier = "primary"
               BlueprintIdentifier = "49C873122E15BF5100F73B78"
               BuildableName = "DockAnchor.app"
               BlueprintName = "DockAnchor"
               ReferencedContainer = "container:DockAnchor.xcodeproj">
            </BuildableReference>
         </BuildActionEntry>
      </BuildActionEntries>
   </BuildAction>
   <TestAction
      buildConfiguration = "Release"
      selectedDebuggerIdentifier = "Xcode.DebuggerFoundation.Debugger.LLDB"
      selectedLauncherIdentifier = "Xcode.DebuggerFoundation.Launcher.LLDB"
      shouldUseLaunchSchemeArgsEnv = "YES">
      <MacroExpansion>
         <BuildableReference
            BuildableIdentifier = "primary"
            BlueprintIdentifier = "49C873122E15BF5100F73B78"
            BuildableName = "DockAnchor.app"
            BlueprintName = "DockAnchor"
            ReferencedContainer = "container:DockAnchor.xcodeproj">
         </BuildableReference>
      </MacroExpansion>
      <Testables>
         <TestableReference
            skipped = "NO">
            <BuildableReference
               BuildableIdentifier = "primary"
               BlueprintIdentifier = "49C873252E15BF5300F73B78"
               BuildableName = "DockAnchorTests.xctest"
               BlueprintName = "DockAnchorTests"
               ReferencedContainer = "container:DockAnchor.xcodeproj">
            </BuildableReference>
         </TestableReference>
      </Testables>
   </TestAction>
   <AnalyzeAction
      buildConfiguration = "Release">
   </AnalyzeAction>
   <ArchiveAction
      buildConfiguration = "Release"
      revealArchiveInOrganizer = "YES">
   </ArchiveAction>
</Scheme>
